<?xml version="1.0" encoding="utf-8"?>
<Project ToolsVersion="4.0" xmlns="http://schemas.microsoft.com/developer/msbuild/2003">
  <ItemGroup>
    <ClCompile Include="Bmp24.cpp">
      <Filter>Images</Filter>
    </ClCompile>
    <ClCompile Include="ImageHeader.cpp">
      <Filter>Images\Headers</Filter>
    </ClCompile>
    <ClCompile Include="Bmp24Header.cpp">
      <Filter>Images\Headers</Filter>
    </ClCompile>
    <ClCompile Include="Bmp24HeadersOperator.cpp">
      <Filter>HeadersOperators</Filter>
    </ClCompile>
    <ClCompile Include="BitmapHeader.cpp">
      <Filter>Images\Headers</Filter>
    </ClCompile>
    <ClCompile Include="Bmp24Loader.cpp">
      <Filter>Loaders</Filter>
    </ClCompile>
    <ClCompile Include="Bmp24Saver.cpp">
      <Filter>Savers</Filter>
    </ClCompile>
    <ClCompile Include="ImageContent.cpp">
      <Filter>Images\Contents</Filter>
    </ClCompile>
    <ClCompile Include="Bmp24Content.cpp">
      <Filter>Images\Contents</Filter>
    </ClCompile>
    <ClCompile Include="DampelMasksOperator.cpp">
      <Filter>MasksOperator</Filter>
    </ClCompile>
    <ClCompile Include="SobelMasksOperator.cpp">
      <Filter>MasksOperator</Filter>
    </ClCompile>
    <ClCompile Include="MasksOperator.cpp">
      <Filter>MasksOperator</Filter>
    </ClCompile>
    <ClCompile Include="StringsOperator.cpp">
      <Filter>Parsers</Filter>
    </ClCompile>
    <ClCompile Include="RapidXMLMasksParser.cpp">
      <Filter>Parsers\MasksParser</Filter>
    </ClCompile>
    <ClCompile Include="MasksParser.cpp">
      <Filter>Parsers\MasksParser</Filter>
    </ClCompile>
    <ClCompile Include="Pixel.cpp">
      <Filter>SimpleElements</Filter>
    </ClCompile>
    <ClCompile Include="Mask.cpp">
      <Filter>SimpleElements</Filter>
    </ClCompile>
    <ClCompile Include="ModeSelector.cpp">
      <Filter>Selectors</Filter>
    </ClCompile>
    <ClCompile Include="ConsoleModeSelector.cpp">
      <Filter>Selectors</Filter>
    </ClCompile>
    <ClCompile Include="ConsoleFormatSelector.cpp">
      <Filter>Selectors</Filter>
    </ClCompile>
    <ClCompile Include="FormatSelector.cpp">
      <Filter>Selectors</Filter>
    </ClCompile>
    <ClCompile Include="Bmp24Transformator.cpp">
      <Filter>Transformators</Filter>
    </ClCompile>
    <ClCompile Include="main.cpp" />
    <ClCompile Include="ProgramEngine.cpp">
      <Filter>Engines</Filter>
    </ClCompile>
    <ClCompile Include="ConsoleMenu.cpp">
      <Filter>Menus</Filter>
    </ClCompile>
    <ClCompile Include="Menu.cpp">
      <Filter>Menus</Filter>
    </ClCompile>
    <ClCompile Include="Option.cpp">
      <Filter>Options</Filter>
    </ClCompile>
    <ClCompile Include="Event.cpp">
      <Filter>Events</Filter>
    </ClCompile>
    <ClCompile Include="ExitOption.cpp">
      <Filter>Options</Filter>
    </ClCompile>
    <ClCompile Include="Communicator.cpp">
      <Filter>Communicator</Filter>
    </ClCompile>
    <ClCompile Include="ConsoleCommunicator.cpp">
      <Filter>Communicator</Filter>
    </ClCompile>
    <ClCompile Include="ConsoleDisplayer.cpp">
      <Filter>Displayers</Filter>
    </ClCompile>
    <ClCompile Include="ChangeFormatOption.cpp">
      <Filter>Options</Filter>
    </ClCompile>
    <ClCompile Include="SelectOutputNameOption.cpp">
      <Filter>Options</Filter>
    </ClCompile>
    <ClCompile Include="MenuOptionsCreator.cpp">
      <Filter>Creators\OptionsCreators</Filter>
    </ClCompile>
    <ClCompile Include="ChangeFilterOption.cpp">
      <Filter>Options</Filter>
    </ClCompile>
    <ClCompile Include="SelectSourceNameOption.cpp">
      <Filter>Options</Filter>
    </ClCompile>
    <ClCompile Include="ThreadPool.cpp" />
  </ItemGroup>
  <ItemGroup>
    <ClInclude Include="Image.h">
      <Filter>Images</Filter>
    </ClInclude>
    <ClInclude Include="Bmp24.h">
      <Filter>Images</Filter>
    </ClInclude>
    <ClInclude Include="ImageHeader.h">
      <Filter>Images\Headers</Filter>
    </ClInclude>
    <ClInclude Include="Bmp24Header.h">
      <Filter>Images\Headers</Filter>
    </ClInclude>
    <ClInclude Include="Bmp24HeadersOperator.h">
      <Filter>HeadersOperators</Filter>
    </ClInclude>
    <ClInclude Include="HeadersOperator.h">
      <Filter>HeadersOperators</Filter>
    </ClInclude>
    <ClInclude Include="BitmapHeadersOperator.h">
      <Filter>HeadersOperators</Filter>
    </ClInclude>
    <ClInclude Include="BitmapHeader.h">
      <Filter>Images\Headers</Filter>
    </ClInclude>
    <ClInclude Include="Bmp24Loader.h">
      <Filter>Loaders</Filter>
    </ClInclude>
    <ClInclude Include="ImagesLoader.h">
      <Filter>Loaders</Filter>
    </ClInclude>
    <ClInclude Include="Bmp24Saver.h">
      <Filter>Savers</Filter>
    </ClInclude>
    <ClInclude Include="ImagesSaver.h">
      <Filter>Savers</Filter>
    </ClInclude>
    <ClInclude Include="ImageContent.h">
      <Filter>Images\Contents</Filter>
    </ClInclude>
    <ClInclude Include="Bmp24Content.h">
      <Filter>Images\Contents</Filter>
    </ClInclude>
    <ClInclude Include="DampelMasksOperator.h">
      <Filter>MasksOperator</Filter>
    </ClInclude>
    <ClInclude Include="SobelMasksOperator.h">
      <Filter>MasksOperator</Filter>
    </ClInclude>
    <ClInclude Include="MasksOperator.h">
      <Filter>MasksOperator</Filter>
    </ClInclude>
    <ClInclude Include="StringsOperator.h">
      <Filter>Parsers</Filter>
    </ClInclude>
    <ClInclude Include="RapidXMLMasksParser.h">
      <Filter>Parsers\MasksParser</Filter>
    </ClInclude>
    <ClInclude Include="MasksParser.h">
      <Filter>Parsers\MasksParser</Filter>
    </ClInclude>
    <ClInclude Include="ImagesCreator.h">
      <Filter>Creators</Filter>
    </ClInclude>
    <ClInclude Include="Pixel.h">
      <Filter>SimpleElements</Filter>
    </ClInclude>
    <ClInclude Include="Mask.h">
      <Filter>SimpleElements</Filter>
    </ClInclude>
    <ClInclude Include="ModeSelector.h">
      <Filter>Selectors</Filter>
    </ClInclude>
    <ClInclude Include="ConsoleModeSelector.h">
      <Filter>Selectors</Filter>
    </ClInclude>
    <ClInclude Include="ConsoleFormatSelector.h">
      <Filter>Selectors</Filter>
    </ClInclude>
    <ClInclude Include="FormatSelector.h">
      <Filter>Selectors</Filter>
    </ClInclude>
    <ClInclude Include="Transformator.h">
      <Filter>Transformators</Filter>
    </ClInclude>
    <ClInclude Include="Bmp24Transformator.h">
      <Filter>Transformators</Filter>
    </ClInclude>
    <ClInclude Include="ProgramEngine.h">
      <Filter>Engines</Filter>
    </ClInclude>
    <ClInclude Include="ConsoleMenu.h">
      <Filter>Menus</Filter>
    </ClInclude>
    <ClInclude Include="Menu.h">
      <Filter>Menus</Filter>
    </ClInclude>
    <ClInclude Include="Option.h">
      <Filter>Options</Filter>
    </ClInclude>
    <ClInclude Include="Event.h">
      <Filter>Events</Filter>
    </ClInclude>
    <ClInclude Include="ExitOption.h">
      <Filter>Options</Filter>
    </ClInclude>
    <ClInclude Include="LoadSourceOption.h">
      <Filter>Options</Filter>
    </ClInclude>
    <ClInclude Include="Displayer.h">
      <Filter>Displayers</Filter>
    </ClInclude>
    <ClInclude Include="Communicator.h">
      <Filter>Communicator</Filter>
    </ClInclude>
    <ClInclude Include="ConsoleCommunicator.h">
      <Filter>Communicator</Filter>
    </ClInclude>
    <ClInclude Include="ConsoleDisplayer.h">
      <Filter>Displayers</Filter>
    </ClInclude>
    <ClInclude Include="OneArgEvent.h">
      <Filter>Events</Filter>
    </ClInclude>
    <ClInclude Include="ChangeFormatOption.h">
      <Filter>Options</Filter>
    </ClInclude>
    <ClInclude Include="SelectOutputNameOption.h">
      <Filter>Options</Filter>
    </ClInclude>
    <ClInclude Include="OptionsCreator.h">
      <Filter>Creators\OptionsCreators</Filter>
    </ClInclude>
    <ClInclude Include="MenuOptionsCreator.h">
      <Filter>Creators\OptionsCreators</Filter>
    </ClInclude>
    <ClInclude Include="TransformImageOption.h">
      <Filter>Options</Filter>
    </ClInclude>
    <ClInclude Include="SaveImageOption.h">
      <Filter>Options</Filter>
    </ClInclude>
    <ClInclude Include="ChangeFilterOption.h">
      <Filter>Options</Filter>
    </ClInclude>
    <ClInclude Include="SelectSourceNameOption.h">
      <Filter>Options</Filter>
    </ClInclude>
    <ClInclude Include="ThreadPool.h" />
  </ItemGroup>
  <ItemGroup>
    <Filter Include="Images">
      <UniqueIdentifier>{b815d718-0a13-4cfc-85a6-a629f62af764}</UniqueIdentifier>
    </Filter>
    <Filter Include="Images\Headers">
      <UniqueIdentifier>{f7168a85-4e0d-4d7a-a890-0c8153a66ba6}</UniqueIdentifier>
    </Filter>
    <Filter Include="HeadersOperators">
      <UniqueIdentifier>{7b2782d7-de25-4494-a16d-be0bd9b99084}</UniqueIdentifier>
    </Filter>
    <Filter Include="Loaders">
      <UniqueIdentifier>{14fe36e9-7eac-4aa5-a1d9-1d1e1dfe50d6}</UniqueIdentifier>
    </Filter>
    <Filter Include="Savers">
      <UniqueIdentifier>{d100d657-2e29-4b69-a419-29a9098db42e}</UniqueIdentifier>
    </Filter>
    <Filter Include="Images\Contents">
      <UniqueIdentifier>{4a6d7245-bc74-4c79-957b-a20d94d58f5d}</UniqueIdentifier>
    </Filter>
    <Filter Include="MasksOperator">
      <UniqueIdentifier>{16adce6f-d0df-4a3b-9ea0-91f7d7f2e6ee}</UniqueIdentifier>
    </Filter>
    <Filter Include="Parsers">
      <UniqueIdentifier>{9fb3b699-b80c-4554-ae37-6b063010aeff}</UniqueIdentifier>
    </Filter>
    <Filter Include="Parsers\MasksParser">
      <UniqueIdentifier>{4827168d-35fc-4884-9f70-71baf0b68106}</UniqueIdentifier>
    </Filter>
    <Filter Include="Creators">
      <UniqueIdentifier>{4cfb5233-b6ca-4f1c-9f76-69a67c22705b}</UniqueIdentifier>
    </Filter>
    <Filter Include="Transformators">
      <UniqueIdentifier>{b715932b-4e23-4941-bccf-0b2245a28f21}</UniqueIdentifier>
    </Filter>
    <Filter Include="SimpleElements">
      <UniqueIdentifier>{ef62daa8-1a1d-4f69-a308-1a1be93fb96d}</UniqueIdentifier>
    </Filter>
    <Filter Include="Selectors">
      <UniqueIdentifier>{d694debb-747c-46f1-bb32-537e8028e7c9}</UniqueIdentifier>
    </Filter>
    <Filter Include="Engines">
      <UniqueIdentifier>{babebeee-1ae4-4737-9dca-bc08b794aad1}</UniqueIdentifier>
    </Filter>
    <Filter Include="Menus">
      <UniqueIdentifier>{25396c8a-69a7-442b-a691-4b183e6fa67d}</UniqueIdentifier>
    </Filter>
    <Filter Include="Options">
      <UniqueIdentifier>{83568457-463f-443e-a587-67d50cec477b}</UniqueIdentifier>
    </Filter>
    <Filter Include="Events">
      <UniqueIdentifier>{a4e2cbbd-5034-47a7-93e8-b5c8429e789b}</UniqueIdentifier>
    </Filter>
    <Filter Include="Displayers">
      <UniqueIdentifier>{4fc67360-e776-4a52-9127-3ac021e0dee6}</UniqueIdentifier>
    </Filter>
    <Filter Include="Communicator">
      <UniqueIdentifier>{b14aa61b-58fe-4eba-b8a8-19e3b9561f7e}</UniqueIdentifier>
    </Filter>
    <Filter Include="Creators\OptionsCreators">
      <UniqueIdentifier>{cd208e3d-0bd8-41e7-9cc1-0ce649e757e2}</UniqueIdentifier>
    </Filter>
  </ItemGroup>
  <ItemGroup>
    <Xsd Include="MasksSchema.xsd" />
  </ItemGroup>
  <ItemGroup>
    <Xml Include="Masks.xml">
      <Filter>SimpleElements</Filter>
    </Xml>
  </ItemGroup>
</Project>